
Microsoft Visual Studio Solution File, Format Version 12.00
# Visual Studio Version 16
VisualStudioVersion = 16.0.29418.71
MinimumVisualStudioVersion = 10.0.40219.1
Project("{2150E333-8FDC-42A3-9474-1A3956D46DE8}") = "src", "src", "{9234DA6A-7385-4857-B3E8-60BCFCE9972E}"
EndProject
Project("{2150E333-8FDC-42A3-9474-1A3956D46DE8}") = "1 - Apresentacao", "1 - Apresentacao", "{273CF857-2004-45E6-B152-EE49AFA27BCF}"
EndProject
Project("{FAE04EC0-301F-11D3-BF4B-00C04F79EFBC}") = "Apresentacao.WPF", "src\1 - Apresentacao\APresentacao.WPF\Apresentacao.WPF.csproj", "{60613CA7-230C-4908-8453-C7ECD03790AF}"
EndProject
Project("{2150E333-8FDC-42A3-9474-1A3956D46DE8}") = "3 - Aplicacao", "3 - Aplicacao", "{5D23B2CD-2597-4034-9C72-2458C757F9C1}"
EndProject
Project("{9A19103F-16F7-4668-BE54-9A1E7A4F7556}") = "Template_DDD_WPF.Aplicacao", "src\3 - Aplicacao\Template_DDD_WPF.Aplicacao\Template_DDD_WPF.Aplicacao.csproj", "{8F5DC1B3-FD22-478C-A980-9A2EBC4D9CAE}"
EndProject
Project("{2150E333-8FDC-42A3-9474-1A3956D46DE8}") = "4 - Domain", "4 - Domain", "{7764A3F2-2985-4057-9615-3E522D6C2F2B}"
EndProject
Project("{9A19103F-16F7-4668-BE54-9A1E7A4F7556}") = "Template_DDD_WPF.Domain", "src\4 - Domain\Template_DDD_WPF.Domain\Template_DDD_WPF.Domain.csproj", "{249E8F9E-4CC8-450D-8A52-1DCF044DF179}"
EndProject
Project("{2150E333-8FDC-42A3-9474-1A3956D46DE8}") = "5 - Infra", "5 - Infra", "{19AB8722-B69C-4A3C-9AFA-DFDFB0FA5C4A}"
EndProject
Project("{2150E333-8FDC-42A3-9474-1A3956D46DE8}") = "2 - Servico", "2 - Servico", "{55C5F539-3B8F-4439-9A9F-E729EB714211}"
EndProject
Project("{9A19103F-16F7-4668-BE54-9A1E7A4F7556}") = "Template_DDD_WPF.Servico", "src\2 - Servico\Template_DDD_WPF.Servico\Template_DDD_WPF.Servico.csproj", "{53CC1A28-6053-4FCF-A5A7-7FC9303B3857}"
EndProject
Project("{2150E333-8FDC-42A3-9474-1A3956D46DE8}") = "5.1 - Dados", "5.1 - Dados", "{BF6F545F-2168-4B30-80F5-FD5CCD87B4B6}"
EndProject
Project("{2150E333-8FDC-42A3-9474-1A3956D46DE8}") = "5.2 - CrossCutting", "5.2 - CrossCutting", "{F7C6EFF8-4B21-4055-939A-45F7DCD63E0F}"
EndProject
Project("{FAE04EC0-301F-11D3-BF4B-00C04F79EFBC}") = "Template_DDD_WPF.Infra.Dados.Dapper", "src\5 - Infra\5.1 - Dados\Template_DDD_WPF.Infra.Dados.Dapper\Template_DDD_WPF.Infra.Dados.Dapper.csproj", "{1827A68F-0364-4921-A22C-F21FA2216E24}"
EndProject
Project("{2150E333-8FDC-42A3-9474-1A3956D46DE8}") = "tests", "tests", "{774E2728-C3B3-4C4C-AF86-A595893858E7}"
EndProject
Project("{2150E333-8FDC-42A3-9474-1A3956D46DE8}") = "template", "template", "{BCD7E110-A618-4A6B-85A1-9554BAE3F72E}"
	ProjectSection(SolutionItems) = preProject
		template\Template_DDD_WPF.zip = template\Template_DDD_WPF.zip
	EndProjectSection
EndProject
Global
	GlobalSection(SolutionConfigurationPlatforms) = preSolution
		Debug|Any CPU = Debug|Any CPU
		Release|Any CPU = Release|Any CPU
	EndGlobalSection
	GlobalSection(ProjectConfigurationPlatforms) = postSolution
		{60613CA7-230C-4908-8453-C7ECD03790AF}.Debug|Any CPU.ActiveCfg = Debug|Any CPU
		{60613CA7-230C-4908-8453-C7ECD03790AF}.Debug|Any CPU.Build.0 = Debug|Any CPU
		{60613CA7-230C-4908-8453-C7ECD03790AF}.Release|Any CPU.ActiveCfg = Release|Any CPU
		{60613CA7-230C-4908-8453-C7ECD03790AF}.Release|Any CPU.Build.0 = Release|Any CPU
		{8F5DC1B3-FD22-478C-A980-9A2EBC4D9CAE}.Debug|Any CPU.ActiveCfg = Debug|Any CPU
		{8F5DC1B3-FD22-478C-A980-9A2EBC4D9CAE}.Debug|Any CPU.Build.0 = Debug|Any CPU
		{8F5DC1B3-FD22-478C-A980-9A2EBC4D9CAE}.Release|Any CPU.ActiveCfg = Release|Any CPU
		{8F5DC1B3-FD22-478C-A980-9A2EBC4D9CAE}.Release|Any CPU.Build.0 = Release|Any CPU
		{249E8F9E-4CC8-450D-8A52-1DCF044DF179}.Debug|Any CPU.ActiveCfg = Debug|Any CPU
		{249E8F9E-4CC8-450D-8A52-1DCF044DF179}.Debug|Any CPU.Build.0 = Debug|Any CPU
		{249E8F9E-4CC8-450D-8A52-1DCF044DF179}.Release|Any CPU.ActiveCfg = Release|Any CPU
		{249E8F9E-4CC8-450D-8A52-1DCF044DF179}.Release|Any CPU.Build.0 = Release|Any CPU
		{53CC1A28-6053-4FCF-A5A7-7FC9303B3857}.Debug|Any CPU.ActiveCfg = Debug|Any CPU
		{53CC1A28-6053-4FCF-A5A7-7FC9303B3857}.Debug|Any CPU.Build.0 = Debug|Any CPU
		{53CC1A28-6053-4FCF-A5A7-7FC9303B3857}.Release|Any CPU.ActiveCfg = Release|Any CPU
		{53CC1A28-6053-4FCF-A5A7-7FC9303B3857}.Release|Any CPU.Build.0 = Release|Any CPU
		{1827A68F-0364-4921-A22C-F21FA2216E24}.Debug|Any CPU.ActiveCfg = Debug|Any CPU
		{1827A68F-0364-4921-A22C-F21FA2216E24}.Debug|Any CPU.Build.0 = Debug|Any CPU
		{1827A68F-0364-4921-A22C-F21FA2216E24}.Release|Any CPU.ActiveCfg = Release|Any CPU
		{1827A68F-0364-4921-A22C-F21FA2216E24}.Release|Any CPU.Build.0 = Release|Any CPU
	EndGlobalSection
	GlobalSection(SolutionProperties) = preSolution
		HideSolutionNode = FALSE
	EndGlobalSection
	GlobalSection(NestedProjects) = preSolution
		{273CF857-2004-45E6-B152-EE49AFA27BCF} = {9234DA6A-7385-4857-B3E8-60BCFCE9972E}
		{60613CA7-230C-4908-8453-C7ECD03790AF} = {273CF857-2004-45E6-B152-EE49AFA27BCF}
		{5D23B2CD-2597-4034-9C72-2458C757F9C1} = {9234DA6A-7385-4857-B3E8-60BCFCE9972E}
		{8F5DC1B3-FD22-478C-A980-9A2EBC4D9CAE} = {5D23B2CD-2597-4034-9C72-2458C757F9C1}
		{7764A3F2-2985-4057-9615-3E522D6C2F2B} = {9234DA6A-7385-4857-B3E8-60BCFCE9972E}
		{249E8F9E-4CC8-450D-8A52-1DCF044DF179} = {7764A3F2-2985-4057-9615-3E522D6C2F2B}
		{19AB8722-B69C-4A3C-9AFA-DFDFB0FA5C4A} = {9234DA6A-7385-4857-B3E8-60BCFCE9972E}
		{55C5F539-3B8F-4439-9A9F-E729EB714211} = {9234DA6A-7385-4857-B3E8-60BCFCE9972E}
		{53CC1A28-6053-4FCF-A5A7-7FC9303B3857} = {55C5F539-3B8F-4439-9A9F-E729EB714211}
		{BF6F545F-2168-4B30-80F5-FD5CCD87B4B6} = {19AB8722-B69C-4A3C-9AFA-DFDFB0FA5C4A}
		{F7C6EFF8-4B21-4055-939A-45F7DCD63E0F} = {19AB8722-B69C-4A3C-9AFA-DFDFB0FA5C4A}
		{1827A68F-0364-4921-A22C-F21FA2216E24} = {BF6F545F-2168-4B30-80F5-FD5CCD87B4B6}
	EndGlobalSection
	GlobalSection(ExtensibilityGlobals) = postSolution
		SolutionGuid = {0D5CC03E-F091-4D0F-B135-0A7A4C809D9B}
	EndGlobalSection
EndGlobal
